
Microsoft Visual Studio Solution File, Format Version 12.00
# Visual Studio 15
VisualStudioVersion = 15.0.28010.2041
MinimumVisualStudioVersion = 10.0.40219.1
Project("{2150E333-8FDC-42A3-9474-1A3956D46DE8}") = "Step 1 Console examples", "Step 1 Console examples", "{583AA4FB-3793-440D-94E1-DE41B96A48C6}"
EndProject
Project("{778DAE3C-4631-46EA-AA77-85C1314464D9}") = "1 Hello World", "1 Hello World\1 Hello World.vbproj", "{27001E5D-82E7-4F67-8255-06CAEDCA21C0}"
EndProject
Project("{778DAE3C-4631-46EA-AA77-85C1314464D9}") = "2 Hello World with input", "2 Hello World with input\2 Hello World with input.vbproj", "{0A5E3312-3292-4BC1-9C5F-7B7EFA8C6343}"
EndProject
Project("{2150E333-8FDC-42A3-9474-1A3956D46DE8}") = "Class projects", "Class projects", "{17EC3836-3B69-4D6E-A376-FBA807BC9A61}"
EndProject
Project("{778DAE3C-4631-46EA-AA77-85C1314464D9}") = "ConsoleHelperLibrary", "ConsoleHelperLibrary\ConsoleHelperLibrary.vbproj", "{4ECDD411-0AA4-4832-8C72-6FDA15CEA924}"
EndProject
Project("{778DAE3C-4631-46EA-AA77-85C1314464D9}") = "CollectInputToList", "CollectInputToList\CollectInputToList.vbproj", "{7499D38E-7E6D-445D-ACA9-05608786E0B5}"
EndProject
Project("{778DAE3C-4631-46EA-AA77-85C1314464D9}") = "CollectNumericInput", "CollectNumericInput\CollectNumericInput.vbproj", "{0161D289-1CA0-4F48-8A7D-D18A240B40A7}"
EndProject
Project("{778DAE3C-4631-46EA-AA77-85C1314464D9}") = "CollectDateTimeInput", "CollectDateTimeInput\CollectDateTimeInput.vbproj", "{671D1000-C5B6-490B-BC7D-515B4784A81A}"
EndProject
Project("{2150E333-8FDC-42A3-9474-1A3956D46DE8}") = "Step 2 Windows forms examples", "Step 2 Windows forms examples", "{2EA0779D-72E1-4205-9617-F173EDCD1633}"
EndProject
Project("{2150E333-8FDC-42A3-9474-1A3956D46DE8}") = "Class projects", "Class projects", "{FFFD14AB-2530-4B34-AAB5-AB2EAA8D9AF5}"
EndProject
Project("{2150E333-8FDC-42A3-9474-1A3956D46DE8}") = "Solution Items", "Solution Items", "{4D818182-91E2-4F5F-9E94-D06F9C4EA1B0}"
	ProjectSection(SolutionItems) = preProject
		readme.md = readme.md
	EndProjectSection
EndProject
Project("{F184B08F-C81C-45F6-A57F-5ABD9991F28F}") = "HelloWorldWinForms1", "HelloWorldWinForms1\HelloWorldWinForms1.vbproj", "{3BD80E1C-C375-451E-BFE4-D2F3DF45F7D4}"
EndProject
Project("{F184B08F-C81C-45F6-A57F-5ABD9991F28F}") = "ReadDelimitedFile1", "ReadDelimitedFile1\ReadDelimitedFile1.vbproj", "{E2237785-FE25-40CC-8620-EA871ACBBEFB}"
EndProject
Project("{F184B08F-C81C-45F6-A57F-5ABD9991F28F}") = "ComponentLibrary", "ComponentLibrary\ComponentLibrary.vbproj", "{B96774C4-FE32-4E16-8B17-9E43509CB34C}"
EndProject
Project("{F184B08F-C81C-45F6-A57F-5ABD9991F28F}") = "WinFormExtensions", "WinFormExtensions\WinFormExtensions.vbproj", "{6F670FA4-5D5D-4136-B926-146C7EC7840B}"
EndProject
Project("{F184B08F-C81C-45F6-A57F-5ABD9991F28F}") = "AsyncTaskProgress1", "AsyncIProgress\AsyncTaskProgress1.vbproj", "{4EAAD1E4-D25C-46D4-AAB7-14646D346BED}"
EndProject
Project("{778DAE3C-4631-46EA-AA77-85C1314464D9}") = "GroupByVehicle", "GroupByVehicle\GroupByVehicle.vbproj", "{F155596E-974A-4E8F-A2D8-B7DA404571B5}"
EndProject
Project("{778DAE3C-4631-46EA-AA77-85C1314464D9}") = "IEqualityComparerExample", "IEqualityComparerExample\IEqualityComparerExample.vbproj", "{21D61684-BFEB-42AC-9C3D-C7149D8414E2}"
EndProject
Project("{778DAE3C-4631-46EA-AA77-85C1314464D9}") = "LanguageExensionMethods", "LanguageExensionMethods\LanguageExensionMethods.vbproj", "{E39C7EAF-DE76-406F-BC97-669FCB8D4BE4}"
EndProject
Project("{778DAE3C-4631-46EA-AA77-85C1314464D9}") = "TypeConversions", "TypeConversions\TypeConversions.vbproj", "{AAACC442-F6EB-4A74-887F-E3ED4FF90C62}"
EndProject
Project("{F184B08F-C81C-45F6-A57F-5ABD9991F28F}") = "FormValidationSimple", "FormValidationSimple\FormValidationSimple.vbproj", "{387BCED8-2A5D-4F36-827E-55E5E587B970}"
EndProject
Project("{F184B08F-C81C-45F6-A57F-5ABD9991F28F}") = "FormValidationDataAnnotation", "FormValidationDataAnnotation\FormValidationDataAnnotation.vbproj", "{E7B77591-4BBD-423A-9651-86CBEF849263}"
EndProject
Project("{778DAE3C-4631-46EA-AA77-85C1314464D9}") = "3 Hello World working with strings", "3 Hello World working with strings\3 Hello World working with strings.vbproj", "{D58C625F-BAFF-495B-BF16-304E50044B7C}"
EndProject
Project("{778DAE3C-4631-46EA-AA77-85C1314464D9}") = "4 Hello World working with dates", "4 Hello World working with dates\4 Hello World working with dates.vbproj", "{E93ED7FD-4064-46C9-8AB6-FB882961E394}"
EndProject
Project("{2150E333-8FDC-42A3-9474-1A3956D46DE8}") = "Class projects", "Class projects", "{CC385D56-7B75-400C-813F-A5D66374D47C}"
EndProject
Project("{778DAE3C-4631-46EA-AA77-85C1314464D9}") = "ExceptionLibrary", "ExceptionLibrary\ExceptionLibrary.vbproj", "{7E2F19C5-6257-42C7-BE48-A69A9E4A82AE}"
EndProject
Project("{778DAE3C-4631-46EA-AA77-85C1314464D9}") = "RunTimeExceptions", "RunTimeExceptions\RunTimeExceptions.vbproj", "{46DF5D00-236A-4EBB-B3A7-EE98BA6A6D1D}"
EndProject
Project("{F184B08F-C81C-45F6-A57F-5ABD9991F28F}") = "MyApplicationNamespace", "MyApplicationNamespace\MyApplicationNamespace.vbproj", "{72776F6C-C31D-464B-AEA1-BD5895655115}"
EndProject
Project("{2150E333-8FDC-42A3-9474-1A3956D46DE8}") = "LINQ and Lambda examples", "LINQ and Lambda examples", "{0DC67C26-FC0B-42A4-843B-29FB4D2BF11A}"
EndProject
Project("{778DAE3C-4631-46EA-AA77-85C1314464D9}") = "1 Standard LINQ", "1 Standard LINQ\1 Standard LINQ.vbproj", "{1871352C-D433-466B-BB0E-D64B888F14CF}"
EndProject
Project("{2150E333-8FDC-42A3-9474-1A3956D46DE8}") = "Testing Versions", "Testing Versions", "{35AF557B-C6EB-4536-9841-8A77E38D55B8}"
EndProject
Project("{778DAE3C-4631-46EA-AA77-85C1314464D9}") = "VersionAcrossMachines", "VersionAcrossMachines\VersionAcrossMachines.vbproj", "{3203DC43-1729-4227-B933-F062A19071F9}"
EndProject
Project("{F184B08F-C81C-45F6-A57F-5ABD9991F28F}") = "WinFormControls", "WinFormControls\WinFormControls.vbproj", "{C6495030-3BFF-4CA2-A7A7-B347B7F17393}"
EndProject
Project("{F184B08F-C81C-45F6-A57F-5ABD9991F28F}") = "WinFormValidationLibrary", "WinFormValidationLibrary\WinFormValidationLibrary.vbproj", "{D26C0329-6658-4CF8-A7A6-71C319FA8826}"
EndProject
Project("{F184B08F-C81C-45F6-A57F-5ABD9991F28F}") = "Generics1", "Generics1\Generics1.vbproj", "{A990855D-CF24-4100-9AC0-9EEA93872CD9}"
EndProject
Project("{2150E333-8FDC-42A3-9474-1A3956D46DE8}") = "Data Binding", "Data Binding", "{E906EDE1-9AB8-4D2E-9E27-B304CF332F3F}"
EndProject
Project("{2150E333-8FDC-42A3-9474-1A3956D46DE8}") = "Form Validation", "Form Validation", "{8AC2267E-88E1-4A00-A0A4-FD388E6832D5}"
EndProject
Project("{2150E333-8FDC-42A3-9474-1A3956D46DE8}") = "Async", "Async", "{AEB46F27-701C-402F-9C40-D4CC36AB0FD1}"
EndProject
Project("{2150E333-8FDC-42A3-9474-1A3956D46DE8}") = "Generics", "Generics", "{62DDD9DC-5C7B-476E-9406-B4951D0590FB}"
EndProject
Project("{2150E333-8FDC-42A3-9474-1A3956D46DE8}") = "Namespaces - various", "Namespaces - various", "{12949825-0275-4736-AC40-2E3C5DB9A7B8}"
EndProject
Project("{2150E333-8FDC-42A3-9474-1A3956D46DE8}") = "File operations", "File operations", "{1CEF8D36-31EE-409A-B2E1-FC5E1ECBB866}"
EndProject
Project("{F184B08F-C81C-45F6-A57F-5ABD9991F28F}") = "ListBoxDataBinding", "ListBoxDataBinding\ListBoxDataBinding.vbproj", "{4B4F35F7-F0DE-4228-B110-78A6832F44D3}"
EndProject
Project("{F184B08F-C81C-45F6-A57F-5ABD9991F28F}") = "DynamicExpressionsLibrary", "DynamicExpressionsLibrary\DynamicExpressionsLibrary.vbproj", "{53B57A03-23C3-4579-88F2-A3A7F0E0320C}"
EndProject
Project("{778DAE3C-4631-46EA-AA77-85C1314464D9}") = "GenericExtensions", "GenericExtensions\GenericExtensions.vbproj", "{6BC19505-838A-436D-878F-29F5AD8A3D85}"
EndProject
Project("{778DAE3C-4631-46EA-AA77-85C1314464D9}") = "StandardLibrary1", "StandardLibrary1\StandardLibrary1.vbproj", "{1B6A88DB-DFBA-4C5F-93D3-15040C848BD5}"
EndProject
Project("{778DAE3C-4631-46EA-AA77-85C1314464D9}") = "10 Hello World Dynamic sort", "10 Hello World Dynamic sort\10 Hello World Dynamic sort.vbproj", "{F0AD38E6-4962-4031-99E5-5336B1CE7E7B}"
EndProject
Project("{F184B08F-C81C-45F6-A57F-5ABD9991F28F}") = "DataGridViewDataBindingToList", "DataGridViewDataBindingToList\DataGridViewDataBindingToList.vbproj", "{5EFD11E2-4F69-41F8-946B-493F1DED98D8}"
EndProject
Project("{9A19103F-16F7-4668-BE54-9A1E7A4F7556}") = "AppDomainConsoleApp", "AppDomainConsoleApp\AppDomainConsoleApp.csproj", "{3BF92302-EAD7-4049-9800-30414004DCF4}"
EndProject
Project("{F184B08F-C81C-45F6-A57F-5ABD9991F28F}") = "BindingList_ListChanged_Lib", "BindingList_ListChanged_Lib\BindingList_ListChanged_Lib.vbproj", "{A5D44779-26AC-4BA5-BFF8-8501E43A0465}"
EndProject
Project("{2150E333-8FDC-42A3-9474-1A3956D46DE8}") = "Misc Front ends", "Misc Front ends", "{32B5A642-AE30-42CE-AC43-A0123F0BAED6}"
EndProject
Project("{F184B08F-C81C-45F6-A57F-5ABD9991F28F}") = "BindingList_ListChanged", "BindingList_ListChanged\BindingList_ListChanged.vbproj", "{A3048067-81C2-4D2F-B484-7A4454061171}"
EndProject
Project("{2150E333-8FDC-42A3-9474-1A3956D46DE8}") = "Step 3 WPF examples", "Step 3 WPF examples", "{552597D9-91E4-4774-8FFD-93C39DA33F20}"
	ProjectSection(SolutionItems) = preProject
		WPFcodeSamples.md = WPFcodeSamples.md
	EndProjectSection
EndProject
Project("{2150E333-8FDC-42A3-9474-1A3956D46DE8}") = "Entity Framework 6 and Core examples", "Entity Framework 6 and Core examples", "{0F78F6F7-DB06-4999-B026-2288E535210D}"
	ProjectSection(SolutionItems) = preProject
		EntityFramework.md = EntityFramework.md
	EndProjectSection
EndProject
Project("{F184B08F-C81C-45F6-A57F-5ABD9991F28F}") = "MySettingsAlternate", "MySettingsAlternate\MySettingsAlternate.vbproj", "{E5908C87-5A2F-47D3-96E7-1D804F88D604}"
EndProject
Project("{F184B08F-C81C-45F6-A57F-5ABD9991F28F}") = "GroupByListString", "GroupByListString\GroupByListString.vbproj", "{25489B71-B19C-4CFC-A59D-CB6AB7D15A02}"
EndProject
Project("{2150E333-8FDC-42A3-9474-1A3956D46DE8}") = "DataGridView - various", "DataGridView - various", "{729B6ECF-1FFE-49C6-B0C8-B3153905271B}"
EndProject
Project("{F184B08F-C81C-45F6-A57F-5ABD9991F28F}") = "DataGridViewComboBoxes", "DataGridViewComboBoxes\DataGridViewComboBoxes.vbproj", "{CB5D950E-5FE6-4752-93D4-9CDA6FBBC3E6}"
EndProject
Project("{F184B08F-C81C-45F6-A57F-5ABD9991F28F}") = "ExtractFilesWithProgress", "ExtractFilesWithProgress\ExtractFilesWithProgress.vbproj", "{F8B7BAE5-85C1-420D-A70A-E38F90F1C8B0}"
EndProject
Project("{2150E333-8FDC-42A3-9474-1A3956D46DE8}") = "csharp", "csharp", "{EEE70D4D-A56F-4957-8018-6404427EABD1}"
EndProject
Project("{FAE04EC0-301F-11D3-BF4B-00C04F79EFBC}") = "NuGetPackageHelpers", "NuGetPackageHelpers\NuGetPackageHelpers.csproj", "{4F8D7E77-2F4E-4252-8511-023197D18CEE}"
EndProject
Project("{F184B08F-C81C-45F6-A57F-5ABD9991F28F}") = "EnumerateFilesAsync_vb", "EnumerateFilesAsync_vb\EnumerateFilesAsync_vb.vbproj", "{DF0A3A8F-05AE-42F5-B208-E8630F53E1B6}"
EndProject
Project("{2150E333-8FDC-42A3-9474-1A3956D46DE8}") = "Forum specific questions", "Forum specific questions", "{8E2D466B-E11F-4B23-ACD0-FB67209F3781}"
EndProject
Project("{F184B08F-C81C-45F6-A57F-5ABD9991F28F}") = "WindowsApp1", "WindowsApp1\WindowsApp1.vbproj", "{E803F0CC-B243-4AD7-9F9F-0A9B348559D2}"
EndProject
Project("{F184B08F-C81C-45F6-A57F-5ABD9991F28F}") = "CheckOneRow", "DataGridViewCheckBoxOneRow\CheckOneRow.vbproj", "{52E63779-1417-427B-9CDB-12110A6BDD3F}"
EndProject
Project("{F184B08F-C81C-45F6-A57F-5ABD9991F28F}") = "FilterBetweenTwoDates", "DataGridViewBindingSourceBetweenTwoDates\FilterBetweenTwoDates.vbproj", "{AB2C5706-4BAA-4DE4-AF33-0A291C25B265}"
EndProject
Project("{2150E333-8FDC-42A3-9474-1A3956D46DE8}") = "DataTables", "DataTables", "{098928B7-F818-4E3D-B8E3-FEA7A01BA85A}"
EndProject
Project("{F184B08F-C81C-45F6-A57F-5ABD9991F28F}") = "DataTable_Events", "DataTableEvents\DataTable_Events.vbproj", "{C093BB2B-52D1-463A-8F80-9C1AA9A65F29}"
EndProject
Project("{F184B08F-C81C-45F6-A57F-5ABD9991F28F}") = "WinFormHelpers", "WinFormHelpers\WinFormHelpers.vbproj", "{48B4D9AC-2A51-4822-8C34-AE1CA78D333B}"
EndProject
Project("{F184B08F-C81C-45F6-A57F-5ABD9991F28F}") = "TabHelperFrontEnd", "TabHelperFrontEnd\TabHelperFrontEnd.vbproj", "{47A14FC5-6399-47E2-8E71-E1886D7EF5B2}"
EndProject
Project("{F184B08F-C81C-45F6-A57F-5ABD9991F28F}") = "CheckInternetConnection", "CheckInternetConnection\CheckInternetConnection.vbproj", "{CB1F4D86-5414-46BB-AE2C-4EBDC1F2E246}"
EndProject
Project("{F184B08F-C81C-45F6-A57F-5ABD9991F28F}") = "ChangeCursor", "ChangeCursor\ChangeCursor.vbproj", "{90C78974-C20F-454E-BDD0-30A452FECCE2}"
EndProject
Project("{F184B08F-C81C-45F6-A57F-5ABD9991F28F}") = "SerializeXmlWithMultipleLines", "SerializeXmlWithMultipleLines\SerializeXmlWithMultipleLines.vbproj", "{922485BF-685E-4094-80B6-B75B882F2F73}"
EndProject
Project("{F184B08F-C81C-45F6-A57F-5ABD9991F28F}") = "EntityFrameworkCoreNorthWind", "EntityFrameworkCoreNorthWind\EntityFrameworkCoreNorthWind.vbproj", "{29A59D99-B8DB-4B1D-8253-2839DB3CFA19}"
EndProject
Project("{F184B08F-C81C-45F6-A57F-5ABD9991F28F}") = "EntityFrameworkCoreNorthFrontEnd", "EntityFrameworkCoreNorthFrontEnd\EntityFrameworkCoreNorthFrontEnd.vbproj", "{ED5931D6-9FC4-4162-A59C-F321E11CCC21}"
EndProject
Project("{2150E333-8FDC-42A3-9474-1A3956D46DE8}") = "xml code samples", "xml code samples", "{D0490C52-40AB-4A75-9791-38D0A30FBB70}"
EndProject
Project("{F184B08F-C81C-45F6-A57F-5ABD9991F28F}") = "SerializeXmlWithMultipleLinesWinForms", "SerializeXmlWithMultipleLinesWinForms\SerializeXmlWithMultipleLinesWinForms.vbproj", "{6A954A86-7976-4B97-BA28-22B6F9ECF09F}"
EndProject
Project("{F184B08F-C81C-45F6-A57F-5ABD9991F28F}") = "Simple_ProgressBar_VB", "DemoSplashScreen_ProgressBar\Simple_ProgressBar_VB.vbproj", "{7583078F-9646-4FC5-AAB4-322C7C9079A9}"
EndProject
Project("{2150E333-8FDC-42A3-9474-1A3956D46DE8}") = "Microsoft Access", "Microsoft Access", "{B344B257-5462-4278-90A0-8663B81F6A0B}"
	ProjectSection(SolutionItems) = preProject
		microsoftAccess.md = microsoftAccess.md
	EndProjectSection
EndProject
Project("{2150E333-8FDC-42A3-9474-1A3956D46DE8}") = "Class projects", "Class projects", "{D15D6197-838B-4240-879A-944430115420}"
EndProject
Project("{F184B08F-C81C-45F6-A57F-5ABD9991F28F}") = "MasterDetailsDataLibrary", "MasterDetailsDataLibrary\MasterDetailsDataLibrary.vbproj", "{EFEEB293-F4E1-476D-84F3-64F09FE02D7A}"
EndProject
Project("{2150E333-8FDC-42A3-9474-1A3956D46DE8}") = "Frontend projects", "Frontend projects", "{FCCACB38-5DDE-4036-86C1-8B055C242D13}"
EndProject
Project("{F184B08F-C81C-45F6-A57F-5ABD9991F28F}") = "MasterDetailRelation", "MasterDetailRelation\MasterDetailRelation.vbproj", "{03DA4FE2-47A8-4078-B70F-47D75E2A5D44}"
EndProject
Project("{F184B08F-C81C-45F6-A57F-5ABD9991F28F}") = "BlogBackendLibrary 6", "Entity Framework 6\BlogBackendLibrary\BlogBackendLibrary 6.vbproj", "{43654757-3DAD-4EFE-B0D3-5931838439AB}"
EndProject
Project("{F184B08F-C81C-45F6-A57F-5ABD9991F28F}") = "BloggingFrontend 6", "Entity Framework 6\BloggingFrontend\BloggingFrontend 6.vbproj", "{0EF481C9-6A7E-4486-A774-CA7B22A5B26E}"
EndProject
Project("{F184B08F-C81C-45F6-A57F-5ABD9991F28F}") = "Binding_Class1", "Binding_Class1\Binding_Class1.vbproj", "{D826A2FA-991B-481D-9B86-88551DD2D0EA}"
EndProject
Project("{FAE04EC0-301F-11D3-BF4B-00C04F79EFBC}") = "ScreenLibrary", "ScreenLibrary\ScreenLibrary.csproj", "{DF269920-8768-4251-942B-DCD73DB574B2}"
EndProject
Project("{F184B08F-C81C-45F6-A57F-5ABD9991F28F}") = "ScreenCaptureExample", "ScreenCaptureExample\ScreenCaptureExample.vbproj", "{E87AEA29-B1A7-473B-8F16-22A3F208584B}"
EndProject
Project("{F184B08F-C81C-45F6-A57F-5ABD9991F28F}") = "FileHelpers", "FileHelpers\FileHelpers.vbproj", "{E905BB86-6178-4DAF-B3FB-A3D0451E625B}"
EndProject
Project("{F184B08F-C81C-45F6-A57F-5ABD9991F28F}") = "RecurseRemoveFolders", "RecurseRemoveFolders\RecurseRemoveFolders.vbproj", "{8B9CAFF9-3486-4131-80F1-E387936C438F}"
EndProject
Project("{F184B08F-C81C-45F6-A57F-5ABD9991F28F}") = "DataGridViewComboBoxRaw", "DataGridViewComboBoxRaw\DataGridViewComboBoxRaw.vbproj", "{E6EA89C5-A077-4645-99A6-0608802F5B1F}"
EndProject
Project("{2150E333-8FDC-42A3-9474-1A3956D46DE8}") = "json code samples", "json code samples", "{3D7D31D0-80E6-4B72-B7FC-2AFEDC8CE399}"
EndProject
Project("{F184B08F-C81C-45F6-A57F-5ABD9991F28F}") = "DeserializeJson_1", "DeserializeJson_1\DeserializeJson_1.vbproj", "{731928E7-40F3-4371-B688-DFCC6387C7E4}"
EndProject
Project("{F184B08F-C81C-45F6-A57F-5ABD9991F28F}") = "RecurseFolders", "RecurseFolders\RecurseFolders.vbproj", "{4F4D2D8E-D2C4-439E-9881-6301B859D6B3}"
EndProject
Global
	GlobalSection(SolutionConfigurationPlatforms) = preSolution
		Debug|Any CPU = Debug|Any CPU
		Release|Any CPU = Release|Any CPU
	EndGlobalSection
	GlobalSection(ProjectConfigurationPlatforms) = postSolution
		{27001E5D-82E7-4F67-8255-06CAEDCA21C0}.Debug|Any CPU.ActiveCfg = Debug|Any CPU
		{27001E5D-82E7-4F67-8255-06CAEDCA21C0}.Debug|Any CPU.Build.0 = Debug|Any CPU
		{27001E5D-82E7-4F67-8255-06CAEDCA21C0}.Release|Any CPU.ActiveCfg = Release|Any CPU
		{27001E5D-82E7-4F67-8255-06CAEDCA21C0}.Release|Any CPU.Build.0 = Release|Any CPU
		{0A5E3312-3292-4BC1-9C5F-7B7EFA8C6343}.Debug|Any CPU.ActiveCfg = Debug|Any CPU
		{0A5E3312-3292-4BC1-9C5F-7B7EFA8C6343}.Debug|Any CPU.Build.0 = Debug|Any CPU
		{0A5E3312-3292-4BC1-9C5F-7B7EFA8C6343}.Release|Any CPU.ActiveCfg = Release|Any CPU
		{0A5E3312-3292-4BC1-9C5F-7B7EFA8C6343}.Release|Any CPU.Build.0 = Release|Any CPU
		{4ECDD411-0AA4-4832-8C72-6FDA15CEA924}.Debug|Any CPU.ActiveCfg = Debug|Any CPU
		{4ECDD411-0AA4-4832-8C72-6FDA15CEA924}.Debug|Any CPU.Build.0 = Debug|Any CPU
		{4ECDD411-0AA4-4832-8C72-6FDA15CEA924}.Release|Any CPU.ActiveCfg = Release|Any CPU
		{4ECDD411-0AA4-4832-8C72-6FDA15CEA924}.Release|Any CPU.Build.0 = Release|Any CPU
		{7499D38E-7E6D-445D-ACA9-05608786E0B5}.Debug|Any CPU.ActiveCfg = Debug|Any CPU
		{7499D38E-7E6D-445D-ACA9-05608786E0B5}.Debug|Any CPU.Build.0 = Debug|Any CPU
		{7499D38E-7E6D-445D-ACA9-05608786E0B5}.Release|Any CPU.ActiveCfg = Release|Any CPU
		{7499D38E-7E6D-445D-ACA9-05608786E0B5}.Release|Any CPU.Build.0 = Release|Any CPU
		{0161D289-1CA0-4F48-8A7D-D18A240B40A7}.Debug|Any CPU.ActiveCfg = Debug|Any CPU
		{0161D289-1CA0-4F48-8A7D-D18A240B40A7}.Debug|Any CPU.Build.0 = Debug|Any CPU
		{0161D289-1CA0-4F48-8A7D-D18A240B40A7}.Release|Any CPU.ActiveCfg = Release|Any CPU
		{0161D289-1CA0-4F48-8A7D-D18A240B40A7}.Release|Any CPU.Build.0 = Release|Any CPU
		{671D1000-C5B6-490B-BC7D-515B4784A81A}.Debug|Any CPU.ActiveCfg = Debug|Any CPU
		{671D1000-C5B6-490B-BC7D-515B4784A81A}.Debug|Any CPU.Build.0 = Debug|Any CPU
		{671D1000-C5B6-490B-BC7D-515B4784A81A}.Release|Any CPU.ActiveCfg = Release|Any CPU
		{671D1000-C5B6-490B-BC7D-515B4784A81A}.Release|Any CPU.Build.0 = Release|Any CPU
		{3BD80E1C-C375-451E-BFE4-D2F3DF45F7D4}.Debug|Any CPU.ActiveCfg = Debug|Any CPU
		{3BD80E1C-C375-451E-BFE4-D2F3DF45F7D4}.Debug|Any CPU.Build.0 = Debug|Any CPU
		{3BD80E1C-C375-451E-BFE4-D2F3DF45F7D4}.Release|Any CPU.ActiveCfg = Release|Any CPU
		{3BD80E1C-C375-451E-BFE4-D2F3DF45F7D4}.Release|Any CPU.Build.0 = Release|Any CPU
		{E2237785-FE25-40CC-8620-EA871ACBBEFB}.Debug|Any CPU.ActiveCfg = Debug|Any CPU
		{E2237785-FE25-40CC-8620-EA871ACBBEFB}.Debug|Any CPU.Build.0 = Debug|Any CPU
		{E2237785-FE25-40CC-8620-EA871ACBBEFB}.Release|Any CPU.ActiveCfg = Release|Any CPU
		{E2237785-FE25-40CC-8620-EA871ACBBEFB}.Release|Any CPU.Build.0 = Release|Any CPU
		{B96774C4-FE32-4E16-8B17-9E43509CB34C}.Debug|Any CPU.ActiveCfg = Debug|Any CPU
		{B96774C4-FE32-4E16-8B17-9E43509CB34C}.Debug|Any CPU.Build.0 = Debug|Any CPU
		{B96774C4-FE32-4E16-8B17-9E43509CB34C}.Release|Any CPU.ActiveCfg = Release|Any CPU
		{B96774C4-FE32-4E16-8B17-9E43509CB34C}.Release|Any CPU.Build.0 = Release|Any CPU
		{6F670FA4-5D5D-4136-B926-146C7EC7840B}.Debug|Any CPU.ActiveCfg = Debug|Any CPU
		{6F670FA4-5D5D-4136-B926-146C7EC7840B}.Debug|Any CPU.Build.0 = Debug|Any CPU
		{6F670FA4-5D5D-4136-B926-146C7EC7840B}.Release|Any CPU.ActiveCfg = Release|Any CPU
		{6F670FA4-5D5D-4136-B926-146C7EC7840B}.Release|Any CPU.Build.0 = Release|Any CPU
		{4EAAD1E4-D25C-46D4-AAB7-14646D346BED}.Debug|Any CPU.ActiveCfg = Debug|Any CPU
		{4EAAD1E4-D25C-46D4-AAB7-14646D346BED}.Debug|Any CPU.Build.0 = Debug|Any CPU
		{4EAAD1E4-D25C-46D4-AAB7-14646D346BED}.Release|Any CPU.ActiveCfg = Release|Any CPU
		{4EAAD1E4-D25C-46D4-AAB7-14646D346BED}.Release|Any CPU.Build.0 = Release|Any CPU
		{F155596E-974A-4E8F-A2D8-B7DA404571B5}.Debug|Any CPU.ActiveCfg = Debug|Any CPU
		{F155596E-974A-4E8F-A2D8-B7DA404571B5}.Debug|Any CPU.Build.0 = Debug|Any CPU
		{F155596E-974A-4E8F-A2D8-B7DA404571B5}.Release|Any CPU.ActiveCfg = Release|Any CPU
		{F155596E-974A-4E8F-A2D8-B7DA404571B5}.Release|Any CPU.Build.0 = Release|Any CPU
		{21D61684-BFEB-42AC-9C3D-C7149D8414E2}.Debug|Any CPU.ActiveCfg = Debug|Any CPU
		{21D61684-BFEB-42AC-9C3D-C7149D8414E2}.Debug|Any CPU.Build.0 = Debug|Any CPU
		{21D61684-BFEB-42AC-9C3D-C7149D8414E2}.Release|Any CPU.ActiveCfg = Release|Any CPU
		{21D61684-BFEB-42AC-9C3D-C7149D8414E2}.Release|Any CPU.Build.0 = Release|Any CPU
		{E39C7EAF-DE76-406F-BC97-669FCB8D4BE4}.Debug|Any CPU.ActiveCfg = Debug|Any CPU
		{E39C7EAF-DE76-406F-BC97-669FCB8D4BE4}.Debug|Any CPU.Build.0 = Debug|Any CPU
		{E39C7EAF-DE76-406F-BC97-669FCB8D4BE4}.Release|Any CPU.ActiveCfg = Release|Any CPU
		{E39C7EAF-DE76-406F-BC97-669FCB8D4BE4}.Release|Any CPU.Build.0 = Release|Any CPU
		{AAACC442-F6EB-4A74-887F-E3ED4FF90C62}.Debug|Any CPU.ActiveCfg = Debug|Any CPU
		{AAACC442-F6EB-4A74-887F-E3ED4FF90C62}.Debug|Any CPU.Build.0 = Debug|Any CPU
		{AAACC442-F6EB-4A74-887F-E3ED4FF90C62}.Release|Any CPU.ActiveCfg = Release|Any CPU
		{AAACC442-F6EB-4A74-887F-E3ED4FF90C62}.Release|Any CPU.Build.0 = Release|Any CPU
		{387BCED8-2A5D-4F36-827E-55E5E587B970}.Debug|Any CPU.ActiveCfg = Debug|Any CPU
		{387BCED8-2A5D-4F36-827E-55E5E587B970}.Debug|Any CPU.Build.0 = Debug|Any CPU
		{387BCED8-2A5D-4F36-827E-55E5E587B970}.Release|Any CPU.ActiveCfg = Release|Any CPU
		{387BCED8-2A5D-4F36-827E-55E5E587B970}.Release|Any CPU.Build.0 = Release|Any CPU
		{E7B77591-4BBD-423A-9651-86CBEF849263}.Debug|Any CPU.ActiveCfg = Debug|Any CPU
		{E7B77591-4BBD-423A-9651-86CBEF849263}.Debug|Any CPU.Build.0 = Debug|Any CPU
		{E7B77591-4BBD-423A-9651-86CBEF849263}.Release|Any CPU.ActiveCfg = Release|Any CPU
		{E7B77591-4BBD-423A-9651-86CBEF849263}.Release|Any CPU.Build.0 = Release|Any CPU
		{D58C625F-BAFF-495B-BF16-304E50044B7C}.Debug|Any CPU.ActiveCfg = Debug|Any CPU
		{D58C625F-BAFF-495B-BF16-304E50044B7C}.Debug|Any CPU.Build.0 = Debug|Any CPU
		{D58C625F-BAFF-495B-BF16-304E50044B7C}.Release|Any CPU.ActiveCfg = Release|Any CPU
		{D58C625F-BAFF-495B-BF16-304E50044B7C}.Release|Any CPU.Build.0 = Release|Any CPU
		{E93ED7FD-4064-46C9-8AB6-FB882961E394}.Debug|Any CPU.ActiveCfg = Debug|Any CPU
		{E93ED7FD-4064-46C9-8AB6-FB882961E394}.Debug|Any CPU.Build.0 = Debug|Any CPU
		{E93ED7FD-4064-46C9-8AB6-FB882961E394}.Release|Any CPU.ActiveCfg = Release|Any CPU
		{E93ED7FD-4064-46C9-8AB6-FB882961E394}.Release|Any CPU.Build.0 = Release|Any CPU
		{7E2F19C5-6257-42C7-BE48-A69A9E4A82AE}.Debug|Any CPU.ActiveCfg = Debug|Any CPU
		{7E2F19C5-6257-42C7-BE48-A69A9E4A82AE}.Debug|Any CPU.Build.0 = Debug|Any CPU
		{7E2F19C5-6257-42C7-BE48-A69A9E4A82AE}.Release|Any CPU.ActiveCfg = Release|Any CPU
		{7E2F19C5-6257-42C7-BE48-A69A9E4A82AE}.Release|Any CPU.Build.0 = Release|Any CPU
		{46DF5D00-236A-4EBB-B3A7-EE98BA6A6D1D}.Debug|Any CPU.ActiveCfg = Debug|Any CPU
		{46DF5D00-236A-4EBB-B3A7-EE98BA6A6D1D}.Debug|Any CPU.Build.0 = Debug|Any CPU
		{46DF5D00-236A-4EBB-B3A7-EE98BA6A6D1D}.Release|Any CPU.ActiveCfg = Release|Any CPU
		{46DF5D00-236A-4EBB-B3A7-EE98BA6A6D1D}.Release|Any CPU.Build.0 = Release|Any CPU
		{72776F6C-C31D-464B-AEA1-BD5895655115}.Debug|Any CPU.ActiveCfg = Debug|Any CPU
		{72776F6C-C31D-464B-AEA1-BD5895655115}.Debug|Any CPU.Build.0 = Debug|Any CPU
		{72776F6C-C31D-464B-AEA1-BD5895655115}.Release|Any CPU.ActiveCfg = Release|Any CPU
		{72776F6C-C31D-464B-AEA1-BD5895655115}.Release|Any CPU.Build.0 = Release|Any CPU
		{1871352C-D433-466B-BB0E-D64B888F14CF}.Debug|Any CPU.ActiveCfg = Debug|Any CPU
		{1871352C-D433-466B-BB0E-D64B888F14CF}.Debug|Any CPU.Build.0 = Debug|Any CPU
		{1871352C-D433-466B-BB0E-D64B888F14CF}.Release|Any CPU.ActiveCfg = Release|Any CPU
		{1871352C-D433-466B-BB0E-D64B888F14CF}.Release|Any CPU.Build.0 = Release|Any CPU
		{3203DC43-1729-4227-B933-F062A19071F9}.Debug|Any CPU.ActiveCfg = Debug|Any CPU
		{3203DC43-1729-4227-B933-F062A19071F9}.Debug|Any CPU.Build.0 = Debug|Any CPU
		{3203DC43-1729-4227-B933-F062A19071F9}.Release|Any CPU.ActiveCfg = Release|Any CPU
		{3203DC43-1729-4227-B933-F062A19071F9}.Release|Any CPU.Build.0 = Release|Any CPU
		{C6495030-3BFF-4CA2-A7A7-B347B7F17393}.Debug|Any CPU.ActiveCfg = Debug|Any CPU
		{C6495030-3BFF-4CA2-A7A7-B347B7F17393}.Debug|Any CPU.Build.0 = Debug|Any CPU
		{C6495030-3BFF-4CA2-A7A7-B347B7F17393}.Release|Any CPU.ActiveCfg = Release|Any CPU
		{C6495030-3BFF-4CA2-A7A7-B347B7F17393}.Release|Any CPU.Build.0 = Release|Any CPU
		{D26C0329-6658-4CF8-A7A6-71C319FA8826}.Debug|Any CPU.ActiveCfg = Debug|Any CPU
		{D26C0329-6658-4CF8-A7A6-71C319FA8826}.Debug|Any CPU.Build.0 = Debug|Any CPU
		{D26C0329-6658-4CF8-A7A6-71C319FA8826}.Release|Any CPU.ActiveCfg = Release|Any CPU
		{D26C0329-6658-4CF8-A7A6-71C319FA8826}.Release|Any CPU.Build.0 = Release|Any CPU
		{A990855D-CF24-4100-9AC0-9EEA93872CD9}.Debug|Any CPU.ActiveCfg = Debug|Any CPU
		{A990855D-CF24-4100-9AC0-9EEA93872CD9}.Debug|Any CPU.Build.0 = Debug|Any CPU
		{A990855D-CF24-4100-9AC0-9EEA93872CD9}.Release|Any CPU.ActiveCfg = Release|Any CPU
		{A990855D-CF24-4100-9AC0-9EEA93872CD9}.Release|Any CPU.Build.0 = Release|Any CPU
		{4B4F35F7-F0DE-4228-B110-78A6832F44D3}.Debug|Any CPU.ActiveCfg = Debug|Any CPU
		{4B4F35F7-F0DE-4228-B110-78A6832F44D3}.Debug|Any CPU.Build.0 = Debug|Any CPU
		{4B4F35F7-F0DE-4228-B110-78A6832F44D3}.Release|Any CPU.ActiveCfg = Release|Any CPU
		{4B4F35F7-F0DE-4228-B110-78A6832F44D3}.Release|Any CPU.Build.0 = Release|Any CPU
		{53B57A03-23C3-4579-88F2-A3A7F0E0320C}.Debug|Any CPU.ActiveCfg = Debug|Any CPU
		{53B57A03-23C3-4579-88F2-A3A7F0E0320C}.Debug|Any CPU.Build.0 = Debug|Any CPU
		{53B57A03-23C3-4579-88F2-A3A7F0E0320C}.Release|Any CPU.ActiveCfg = Release|Any CPU
		{53B57A03-23C3-4579-88F2-A3A7F0E0320C}.Release|Any CPU.Build.0 = Release|Any CPU
		{6BC19505-838A-436D-878F-29F5AD8A3D85}.Debug|Any CPU.ActiveCfg = Debug|Any CPU
		{6BC19505-838A-436D-878F-29F5AD8A3D85}.Debug|Any CPU.Build.0 = Debug|Any CPU
		{6BC19505-838A-436D-878F-29F5AD8A3D85}.Release|Any CPU.ActiveCfg = Release|Any CPU
		{6BC19505-838A-436D-878F-29F5AD8A3D85}.Release|Any CPU.Build.0 = Release|Any CPU
		{1B6A88DB-DFBA-4C5F-93D3-15040C848BD5}.Debug|Any CPU.ActiveCfg = Debug|Any CPU
		{1B6A88DB-DFBA-4C5F-93D3-15040C848BD5}.Debug|Any CPU.Build.0 = Debug|Any CPU
		{1B6A88DB-DFBA-4C5F-93D3-15040C848BD5}.Release|Any CPU.ActiveCfg = Release|Any CPU
		{1B6A88DB-DFBA-4C5F-93D3-15040C848BD5}.Release|Any CPU.Build.0 = Release|Any CPU
		{F0AD38E6-4962-4031-99E5-5336B1CE7E7B}.Debug|Any CPU.ActiveCfg = Debug|Any CPU
		{F0AD38E6-4962-4031-99E5-5336B1CE7E7B}.Debug|Any CPU.Build.0 = Debug|Any CPU
		{F0AD38E6-4962-4031-99E5-5336B1CE7E7B}.Release|Any CPU.ActiveCfg = Release|Any CPU
		{F0AD38E6-4962-4031-99E5-5336B1CE7E7B}.Release|Any CPU.Build.0 = Release|Any CPU
		{5EFD11E2-4F69-41F8-946B-493F1DED98D8}.Debug|Any CPU.ActiveCfg = Debug|Any CPU
		{5EFD11E2-4F69-41F8-946B-493F1DED98D8}.Debug|Any CPU.Build.0 = Debug|Any CPU
		{5EFD11E2-4F69-41F8-946B-493F1DED98D8}.Release|Any CPU.ActiveCfg = Release|Any CPU
		{5EFD11E2-4F69-41F8-946B-493F1DED98D8}.Release|Any CPU.Build.0 = Release|Any CPU
		{3BF92302-EAD7-4049-9800-30414004DCF4}.Debug|Any CPU.ActiveCfg = Debug|Any CPU
		{3BF92302-EAD7-4049-9800-30414004DCF4}.Debug|Any CPU.Build.0 = Debug|Any CPU
		{3BF92302-EAD7-4049-9800-30414004DCF4}.Release|Any CPU.ActiveCfg = Release|Any CPU
		{3BF92302-EAD7-4049-9800-30414004DCF4}.Release|Any CPU.Build.0 = Release|Any CPU
		{A5D44779-26AC-4BA5-BFF8-8501E43A0465}.Debug|Any CPU.ActiveCfg = Debug|Any CPU
		{A5D44779-26AC-4BA5-BFF8-8501E43A0465}.Debug|Any CPU.Build.0 = Debug|Any CPU
		{A5D44779-26AC-4BA5-BFF8-8501E43A0465}.Release|Any CPU.ActiveCfg = Release|Any CPU
		{A5D44779-26AC-4BA5-BFF8-8501E43A0465}.Release|Any CPU.Build.0 = Release|Any CPU
		{A3048067-81C2-4D2F-B484-7A4454061171}.Debug|Any CPU.ActiveCfg = Debug|Any CPU
		{A3048067-81C2-4D2F-B484-7A4454061171}.Debug|Any CPU.Build.0 = Debug|Any CPU
		{A3048067-81C2-4D2F-B484-7A4454061171}.Release|Any CPU.ActiveCfg = Release|Any CPU
		{A3048067-81C2-4D2F-B484-7A4454061171}.Release|Any CPU.Build.0 = Release|Any CPU
		{E5908C87-5A2F-47D3-96E7-1D804F88D604}.Debug|Any CPU.ActiveCfg = Debug|Any CPU
		{E5908C87-5A2F-47D3-96E7-1D804F88D604}.Debug|Any CPU.Build.0 = Debug|Any CPU
		{E5908C87-5A2F-47D3-96E7-1D804F88D604}.Release|Any CPU.ActiveCfg = Release|Any CPU
		{E5908C87-5A2F-47D3-96E7-1D804F88D604}.Release|Any CPU.Build.0 = Release|Any CPU
		{25489B71-B19C-4CFC-A59D-CB6AB7D15A02}.Debug|Any CPU.ActiveCfg = Debug|Any CPU
		{25489B71-B19C-4CFC-A59D-CB6AB7D15A02}.Debug|Any CPU.Build.0 = Debug|Any CPU
		{25489B71-B19C-4CFC-A59D-CB6AB7D15A02}.Release|Any CPU.ActiveCfg = Release|Any CPU
		{25489B71-B19C-4CFC-A59D-CB6AB7D15A02}.Release|Any CPU.Build.0 = Release|Any CPU
		{CB5D950E-5FE6-4752-93D4-9CDA6FBBC3E6}.Debug|Any CPU.ActiveCfg = Debug|Any CPU
		{CB5D950E-5FE6-4752-93D4-9CDA6FBBC3E6}.Debug|Any CPU.Build.0 = Debug|Any CPU
		{CB5D950E-5FE6-4752-93D4-9CDA6FBBC3E6}.Release|Any CPU.ActiveCfg = Release|Any CPU
		{CB5D950E-5FE6-4752-93D4-9CDA6FBBC3E6}.Release|Any CPU.Build.0 = Release|Any CPU
		{F8B7BAE5-85C1-420D-A70A-E38F90F1C8B0}.Debug|Any CPU.ActiveCfg = Debug|Any CPU
		{F8B7BAE5-85C1-420D-A70A-E38F90F1C8B0}.Debug|Any CPU.Build.0 = Debug|Any CPU
		{F8B7BAE5-85C1-420D-A70A-E38F90F1C8B0}.Release|Any CPU.ActiveCfg = Release|Any CPU
		{F8B7BAE5-85C1-420D-A70A-E38F90F1C8B0}.Release|Any CPU.Build.0 = Release|Any CPU
		{4F8D7E77-2F4E-4252-8511-023197D18CEE}.Debug|Any CPU.ActiveCfg = Debug|Any CPU
		{4F8D7E77-2F4E-4252-8511-023197D18CEE}.Debug|Any CPU.Build.0 = Debug|Any CPU
		{4F8D7E77-2F4E-4252-8511-023197D18CEE}.Release|Any CPU.ActiveCfg = Release|Any CPU
		{4F8D7E77-2F4E-4252-8511-023197D18CEE}.Release|Any CPU.Build.0 = Release|Any CPU
		{DF0A3A8F-05AE-42F5-B208-E8630F53E1B6}.Debug|Any CPU.ActiveCfg = Debug|Any CPU
		{DF0A3A8F-05AE-42F5-B208-E8630F53E1B6}.Debug|Any CPU.Build.0 = Debug|Any CPU
		{DF0A3A8F-05AE-42F5-B208-E8630F53E1B6}.Release|Any CPU.ActiveCfg = Release|Any CPU
		{DF0A3A8F-05AE-42F5-B208-E8630F53E1B6}.Release|Any CPU.Build.0 = Release|Any CPU
		{E803F0CC-B243-4AD7-9F9F-0A9B348559D2}.Debug|Any CPU.ActiveCfg = Debug|Any CPU
		{E803F0CC-B243-4AD7-9F9F-0A9B348559D2}.Debug|Any CPU.Build.0 = Debug|Any CPU
		{E803F0CC-B243-4AD7-9F9F-0A9B348559D2}.Release|Any CPU.ActiveCfg = Release|Any CPU
		{E803F0CC-B243-4AD7-9F9F-0A9B348559D2}.Release|Any CPU.Build.0 = Release|Any CPU
		{52E63779-1417-427B-9CDB-12110A6BDD3F}.Debug|Any CPU.ActiveCfg = Debug|Any CPU
		{52E63779-1417-427B-9CDB-12110A6BDD3F}.Debug|Any CPU.Build.0 = Debug|Any CPU
		{52E63779-1417-427B-9CDB-12110A6BDD3F}.Release|Any CPU.ActiveCfg = Release|Any CPU
		{52E63779-1417-427B-9CDB-12110A6BDD3F}.Release|Any CPU.Build.0 = Release|Any CPU
		{AB2C5706-4BAA-4DE4-AF33-0A291C25B265}.Debug|Any CPU.ActiveCfg = Debug|Any CPU
		{AB2C5706-4BAA-4DE4-AF33-0A291C25B265}.Debug|Any CPU.Build.0 = Debug|Any CPU
		{AB2C5706-4BAA-4DE4-AF33-0A291C25B265}.Release|Any CPU.ActiveCfg = Release|Any CPU
		{AB2C5706-4BAA-4DE4-AF33-0A291C25B265}.Release|Any CPU.Build.0 = Release|Any CPU
		{C093BB2B-52D1-463A-8F80-9C1AA9A65F29}.Debug|Any CPU.ActiveCfg = Debug|Any CPU
		{C093BB2B-52D1-463A-8F80-9C1AA9A65F29}.Debug|Any CPU.Build.0 = Debug|Any CPU
		{C093BB2B-52D1-463A-8F80-9C1AA9A65F29}.Release|Any CPU.ActiveCfg = Release|Any CPU
		{C093BB2B-52D1-463A-8F80-9C1AA9A65F29}.Release|Any CPU.Build.0 = Release|Any CPU
		{48B4D9AC-2A51-4822-8C34-AE1CA78D333B}.Debug|Any CPU.ActiveCfg = Debug|Any CPU
		{48B4D9AC-2A51-4822-8C34-AE1CA78D333B}.Debug|Any CPU.Build.0 = Debug|Any CPU
		{48B4D9AC-2A51-4822-8C34-AE1CA78D333B}.Release|Any CPU.ActiveCfg = Release|Any CPU
		{48B4D9AC-2A51-4822-8C34-AE1CA78D333B}.Release|Any CPU.Build.0 = Release|Any CPU
		{47A14FC5-6399-47E2-8E71-E1886D7EF5B2}.Debug|Any CPU.ActiveCfg = Debug|Any CPU
		{47A14FC5-6399-47E2-8E71-E1886D7EF5B2}.Debug|Any CPU.Build.0 = Debug|Any CPU
		{47A14FC5-6399-47E2-8E71-E1886D7EF5B2}.Release|Any CPU.ActiveCfg = Release|Any CPU
		{47A14FC5-6399-47E2-8E71-E1886D7EF5B2}.Release|Any CPU.Build.0 = Release|Any CPU
		{CB1F4D86-5414-46BB-AE2C-4EBDC1F2E246}.Debug|Any CPU.ActiveCfg = Debug|Any CPU
		{CB1F4D86-5414-46BB-AE2C-4EBDC1F2E246}.Debug|Any CPU.Build.0 = Debug|Any CPU
		{CB1F4D86-5414-46BB-AE2C-4EBDC1F2E246}.Release|Any CPU.ActiveCfg = Release|Any CPU
		{CB1F4D86-5414-46BB-AE2C-4EBDC1F2E246}.Release|Any CPU.Build.0 = Release|Any CPU
		{90C78974-C20F-454E-BDD0-30A452FECCE2}.Debug|Any CPU.ActiveCfg = Debug|Any CPU
		{90C78974-C20F-454E-BDD0-30A452FECCE2}.Debug|Any CPU.Build.0 = Debug|Any CPU
		{90C78974-C20F-454E-BDD0-30A452FECCE2}.Release|Any CPU.ActiveCfg = Release|Any CPU
		{90C78974-C20F-454E-BDD0-30A452FECCE2}.Release|Any CPU.Build.0 = Release|Any CPU
		{922485BF-685E-4094-80B6-B75B882F2F73}.Debug|Any CPU.ActiveCfg = Debug|Any CPU
		{922485BF-685E-4094-80B6-B75B882F2F73}.Debug|Any CPU.Build.0 = Debug|Any CPU
		{922485BF-685E-4094-80B6-B75B882F2F73}.Release|Any CPU.ActiveCfg = Release|Any CPU
		{922485BF-685E-4094-80B6-B75B882F2F73}.Release|Any CPU.Build.0 = Release|Any CPU
		{29A59D99-B8DB-4B1D-8253-2839DB3CFA19}.Debug|Any CPU.ActiveCfg = Debug|Any CPU
		{29A59D99-B8DB-4B1D-8253-2839DB3CFA19}.Debug|Any CPU.Build.0 = Debug|Any CPU
		{29A59D99-B8DB-4B1D-8253-2839DB3CFA19}.Release|Any CPU.ActiveCfg = Release|Any CPU
		{29A59D99-B8DB-4B1D-8253-2839DB3CFA19}.Release|Any CPU.Build.0 = Release|Any CPU
		{ED5931D6-9FC4-4162-A59C-F321E11CCC21}.Debug|Any CPU.ActiveCfg = Debug|Any CPU
		{ED5931D6-9FC4-4162-A59C-F321E11CCC21}.Debug|Any CPU.Build.0 = Debug|Any CPU
		{ED5931D6-9FC4-4162-A59C-F321E11CCC21}.Release|Any CPU.ActiveCfg = Release|Any CPU
		{ED5931D6-9FC4-4162-A59C-F321E11CCC21}.Release|Any CPU.Build.0 = Release|Any CPU
		{6A954A86-7976-4B97-BA28-22B6F9ECF09F}.Debug|Any CPU.ActiveCfg = Debug|Any CPU
		{6A954A86-7976-4B97-BA28-22B6F9ECF09F}.Debug|Any CPU.Build.0 = Debug|Any CPU
		{6A954A86-7976-4B97-BA28-22B6F9ECF09F}.Release|Any CPU.ActiveCfg = Release|Any CPU
		{6A954A86-7976-4B97-BA28-22B6F9ECF09F}.Release|Any CPU.Build.0 = Release|Any CPU
		{7583078F-9646-4FC5-AAB4-322C7C9079A9}.Debug|Any CPU.ActiveCfg = Debug|Any CPU
		{7583078F-9646-4FC5-AAB4-322C7C9079A9}.Debug|Any CPU.Build.0 = Debug|Any CPU
		{7583078F-9646-4FC5-AAB4-322C7C9079A9}.Release|Any CPU.ActiveCfg = Release|Any CPU
		{7583078F-9646-4FC5-AAB4-322C7C9079A9}.Release|Any CPU.Build.0 = Release|Any CPU
		{EFEEB293-F4E1-476D-84F3-64F09FE02D7A}.Debug|Any CPU.ActiveCfg = Debug|Any CPU
		{EFEEB293-F4E1-476D-84F3-64F09FE02D7A}.Debug|Any CPU.Build.0 = Debug|Any CPU
		{EFEEB293-F4E1-476D-84F3-64F09FE02D7A}.Release|Any CPU.ActiveCfg = Release|Any CPU
		{EFEEB293-F4E1-476D-84F3-64F09FE02D7A}.Release|Any CPU.Build.0 = Release|Any CPU
		{03DA4FE2-47A8-4078-B70F-47D75E2A5D44}.Debug|Any CPU.ActiveCfg = Debug|Any CPU
		{03DA4FE2-47A8-4078-B70F-47D75E2A5D44}.Debug|Any CPU.Build.0 = Debug|Any CPU
		{03DA4FE2-47A8-4078-B70F-47D75E2A5D44}.Release|Any CPU.ActiveCfg = Release|Any CPU
		{03DA4FE2-47A8-4078-B70F-47D75E2A5D44}.Release|Any CPU.Build.0 = Release|Any CPU
		{43654757-3DAD-4EFE-B0D3-5931838439AB}.Debug|Any CPU.ActiveCfg = Debug|Any CPU
		{43654757-3DAD-4EFE-B0D3-5931838439AB}.Debug|Any CPU.Build.0 = Debug|Any CPU
		{43654757-3DAD-4EFE-B0D3-5931838439AB}.Release|Any CPU.ActiveCfg = Release|Any CPU
		{43654757-3DAD-4EFE-B0D3-5931838439AB}.Release|Any CPU.Build.0 = Release|Any CPU
		{0EF481C9-6A7E-4486-A774-CA7B22A5B26E}.Debug|Any CPU.ActiveCfg = Debug|Any CPU
		{0EF481C9-6A7E-4486-A774-CA7B22A5B26E}.Debug|Any CPU.Build.0 = Debug|Any CPU
		{0EF481C9-6A7E-4486-A774-CA7B22A5B26E}.Release|Any CPU.ActiveCfg = Release|Any CPU
		{0EF481C9-6A7E-4486-A774-CA7B22A5B26E}.Release|Any CPU.Build.0 = Release|Any CPU
		{D826A2FA-991B-481D-9B86-88551DD2D0EA}.Debug|Any CPU.ActiveCfg = Debug|Any CPU
		{D826A2FA-991B-481D-9B86-88551DD2D0EA}.Debug|Any CPU.Build.0 = Debug|Any CPU
		{D826A2FA-991B-481D-9B86-88551DD2D0EA}.Release|Any CPU.ActiveCfg = Release|Any CPU
		{D826A2FA-991B-481D-9B86-88551DD2D0EA}.Release|Any CPU.Build.0 = Release|Any CPU
		{DF269920-8768-4251-942B-DCD73DB574B2}.Debug|Any CPU.ActiveCfg = Debug|Any CPU
		{DF269920-8768-4251-942B-DCD73DB574B2}.Debug|Any CPU.Build.0 = Debug|Any CPU
		{DF269920-8768-4251-942B-DCD73DB574B2}.Release|Any CPU.ActiveCfg = Release|Any CPU
		{DF269920-8768-4251-942B-DCD73DB574B2}.Release|Any CPU.Build.0 = Release|Any CPU
		{E87AEA29-B1A7-473B-8F16-22A3F208584B}.Debug|Any CPU.ActiveCfg = Debug|Any CPU
		{E87AEA29-B1A7-473B-8F16-22A3F208584B}.Debug|Any CPU.Build.0 = Debug|Any CPU
		{E87AEA29-B1A7-473B-8F16-22A3F208584B}.Release|Any CPU.ActiveCfg = Release|Any CPU
		{E87AEA29-B1A7-473B-8F16-22A3F208584B}.Release|Any CPU.Build.0 = Release|Any CPU
		{E905BB86-6178-4DAF-B3FB-A3D0451E625B}.Debug|Any CPU.ActiveCfg = Debug|Any CPU
		{E905BB86-6178-4DAF-B3FB-A3D0451E625B}.Debug|Any CPU.Build.0 = Debug|Any CPU
		{E905BB86-6178-4DAF-B3FB-A3D0451E625B}.Release|Any CPU.ActiveCfg = Release|Any CPU
		{E905BB86-6178-4DAF-B3FB-A3D0451E625B}.Release|Any CPU.Build.0 = Release|Any CPU
		{8B9CAFF9-3486-4131-80F1-E387936C438F}.Debug|Any CPU.ActiveCfg = Debug|Any CPU
		{8B9CAFF9-3486-4131-80F1-E387936C438F}.Debug|Any CPU.Build.0 = Debug|Any CPU
		{8B9CAFF9-3486-4131-80F1-E387936C438F}.Release|Any CPU.ActiveCfg = Release|Any CPU
		{8B9CAFF9-3486-4131-80F1-E387936C438F}.Release|Any CPU.Build.0 = Release|Any CPU
		{E6EA89C5-A077-4645-99A6-0608802F5B1F}.Debug|Any CPU.ActiveCfg = Debug|Any CPU
		{E6EA89C5-A077-4645-99A6-0608802F5B1F}.Debug|Any CPU.Build.0 = Debug|Any CPU
		{E6EA89C5-A077-4645-99A6-0608802F5B1F}.Release|Any CPU.ActiveCfg = Release|Any CPU
		{E6EA89C5-A077-4645-99A6-0608802F5B1F}.Release|Any CPU.Build.0 = Release|Any CPU
		{731928E7-40F3-4371-B688-DFCC6387C7E4}.Debug|Any CPU.ActiveCfg = Debug|Any CPU
		{731928E7-40F3-4371-B688-DFCC6387C7E4}.Debug|Any CPU.Build.0 = Debug|Any CPU
		{731928E7-40F3-4371-B688-DFCC6387C7E4}.Release|Any CPU.ActiveCfg = Release|Any CPU
		{731928E7-40F3-4371-B688-DFCC6387C7E4}.Release|Any CPU.Build.0 = Release|Any CPU
		{4F4D2D8E-D2C4-439E-9881-6301B859D6B3}.Debug|Any CPU.ActiveCfg = Debug|Any CPU
		{4F4D2D8E-D2C4-439E-9881-6301B859D6B3}.Debug|Any CPU.Build.0 = Debug|Any CPU
		{4F4D2D8E-D2C4-439E-9881-6301B859D6B3}.Release|Any CPU.ActiveCfg = Release|Any CPU
		{4F4D2D8E-D2C4-439E-9881-6301B859D6B3}.Release|Any CPU.Build.0 = Release|Any CPU
	EndGlobalSection
	GlobalSection(SolutionProperties) = preSolution
		HideSolutionNode = FALSE
	EndGlobalSection
	GlobalSection(NestedProjects) = preSolution
		{27001E5D-82E7-4F67-8255-06CAEDCA21C0} = {583AA4FB-3793-440D-94E1-DE41B96A48C6}
		{0A5E3312-3292-4BC1-9C5F-7B7EFA8C6343} = {583AA4FB-3793-440D-94E1-DE41B96A48C6}
		{17EC3836-3B69-4D6E-A376-FBA807BC9A61} = {583AA4FB-3793-440D-94E1-DE41B96A48C6}
		{4ECDD411-0AA4-4832-8C72-6FDA15CEA924} = {17EC3836-3B69-4D6E-A376-FBA807BC9A61}
		{7499D38E-7E6D-445D-ACA9-05608786E0B5} = {583AA4FB-3793-440D-94E1-DE41B96A48C6}
		{0161D289-1CA0-4F48-8A7D-D18A240B40A7} = {583AA4FB-3793-440D-94E1-DE41B96A48C6}
		{671D1000-C5B6-490B-BC7D-515B4784A81A} = {583AA4FB-3793-440D-94E1-DE41B96A48C6}
		{FFFD14AB-2530-4B34-AAB5-AB2EAA8D9AF5} = {2EA0779D-72E1-4205-9617-F173EDCD1633}
		{3BD80E1C-C375-451E-BFE4-D2F3DF45F7D4} = {2EA0779D-72E1-4205-9617-F173EDCD1633}
		{E2237785-FE25-40CC-8620-EA871ACBBEFB} = {1CEF8D36-31EE-409A-B2E1-FC5E1ECBB866}
		{B96774C4-FE32-4E16-8B17-9E43509CB34C} = {FFFD14AB-2530-4B34-AAB5-AB2EAA8D9AF5}
		{6F670FA4-5D5D-4136-B926-146C7EC7840B} = {FFFD14AB-2530-4B34-AAB5-AB2EAA8D9AF5}
		{4EAAD1E4-D25C-46D4-AAB7-14646D346BED} = {AEB46F27-701C-402F-9C40-D4CC36AB0FD1}
		{F155596E-974A-4E8F-A2D8-B7DA404571B5} = {583AA4FB-3793-440D-94E1-DE41B96A48C6}
		{21D61684-BFEB-42AC-9C3D-C7149D8414E2} = {583AA4FB-3793-440D-94E1-DE41B96A48C6}
		{E39C7EAF-DE76-406F-BC97-669FCB8D4BE4} = {583AA4FB-3793-440D-94E1-DE41B96A48C6}
		{AAACC442-F6EB-4A74-887F-E3ED4FF90C62} = {583AA4FB-3793-440D-94E1-DE41B96A48C6}
		{387BCED8-2A5D-4F36-827E-55E5E587B970} = {8AC2267E-88E1-4A00-A0A4-FD388E6832D5}
		{E7B77591-4BBD-423A-9651-86CBEF849263} = {8AC2267E-88E1-4A00-A0A4-FD388E6832D5}
		{D58C625F-BAFF-495B-BF16-304E50044B7C} = {583AA4FB-3793-440D-94E1-DE41B96A48C6}
		{E93ED7FD-4064-46C9-8AB6-FB882961E394} = {583AA4FB-3793-440D-94E1-DE41B96A48C6}
		{7E2F19C5-6257-42C7-BE48-A69A9E4A82AE} = {17EC3836-3B69-4D6E-A376-FBA807BC9A61}
		{46DF5D00-236A-4EBB-B3A7-EE98BA6A6D1D} = {583AA4FB-3793-440D-94E1-DE41B96A48C6}
		{72776F6C-C31D-464B-AEA1-BD5895655115} = {12949825-0275-4736-AC40-2E3C5DB9A7B8}
		{0DC67C26-FC0B-42A4-843B-29FB4D2BF11A} = {583AA4FB-3793-440D-94E1-DE41B96A48C6}
		{1871352C-D433-466B-BB0E-D64B888F14CF} = {0DC67C26-FC0B-42A4-843B-29FB4D2BF11A}
		{3203DC43-1729-4227-B933-F062A19071F9} = {35AF557B-C6EB-4536-9841-8A77E38D55B8}
		{C6495030-3BFF-4CA2-A7A7-B347B7F17393} = {FFFD14AB-2530-4B34-AAB5-AB2EAA8D9AF5}
		{D26C0329-6658-4CF8-A7A6-71C319FA8826} = {FFFD14AB-2530-4B34-AAB5-AB2EAA8D9AF5}
		{A990855D-CF24-4100-9AC0-9EEA93872CD9} = {62DDD9DC-5C7B-476E-9406-B4951D0590FB}
		{E906EDE1-9AB8-4D2E-9E27-B304CF332F3F} = {2EA0779D-72E1-4205-9617-F173EDCD1633}
		{8AC2267E-88E1-4A00-A0A4-FD388E6832D5} = {2EA0779D-72E1-4205-9617-F173EDCD1633}
		{AEB46F27-701C-402F-9C40-D4CC36AB0FD1} = {2EA0779D-72E1-4205-9617-F173EDCD1633}
		{62DDD9DC-5C7B-476E-9406-B4951D0590FB} = {2EA0779D-72E1-4205-9617-F173EDCD1633}
		{12949825-0275-4736-AC40-2E3C5DB9A7B8} = {2EA0779D-72E1-4205-9617-F173EDCD1633}
		{1CEF8D36-31EE-409A-B2E1-FC5E1ECBB866} = {2EA0779D-72E1-4205-9617-F173EDCD1633}
		{4B4F35F7-F0DE-4228-B110-78A6832F44D3} = {E906EDE1-9AB8-4D2E-9E27-B304CF332F3F}
		{53B57A03-23C3-4579-88F2-A3A7F0E0320C} = {FFFD14AB-2530-4B34-AAB5-AB2EAA8D9AF5}
		{6BC19505-838A-436D-878F-29F5AD8A3D85} = {583AA4FB-3793-440D-94E1-DE41B96A48C6}
		{1B6A88DB-DFBA-4C5F-93D3-15040C848BD5} = {CC385D56-7B75-400C-813F-A5D66374D47C}
		{F0AD38E6-4962-4031-99E5-5336B1CE7E7B} = {583AA4FB-3793-440D-94E1-DE41B96A48C6}
		{5EFD11E2-4F69-41F8-946B-493F1DED98D8} = {E906EDE1-9AB8-4D2E-9E27-B304CF332F3F}
		{3BF92302-EAD7-4049-9800-30414004DCF4} = {583AA4FB-3793-440D-94E1-DE41B96A48C6}
		{A5D44779-26AC-4BA5-BFF8-8501E43A0465} = {CC385D56-7B75-400C-813F-A5D66374D47C}
		{A3048067-81C2-4D2F-B484-7A4454061171} = {32B5A642-AE30-42CE-AC43-A0123F0BAED6}
		{E5908C87-5A2F-47D3-96E7-1D804F88D604} = {32B5A642-AE30-42CE-AC43-A0123F0BAED6}
		{25489B71-B19C-4CFC-A59D-CB6AB7D15A02} = {583AA4FB-3793-440D-94E1-DE41B96A48C6}
		{729B6ECF-1FFE-49C6-B0C8-B3153905271B} = {2EA0779D-72E1-4205-9617-F173EDCD1633}
		{CB5D950E-5FE6-4752-93D4-9CDA6FBBC3E6} = {729B6ECF-1FFE-49C6-B0C8-B3153905271B}
		{F8B7BAE5-85C1-420D-A70A-E38F90F1C8B0} = {1CEF8D36-31EE-409A-B2E1-FC5E1ECBB866}
		{4F8D7E77-2F4E-4252-8511-023197D18CEE} = {EEE70D4D-A56F-4957-8018-6404427EABD1}
		{DF0A3A8F-05AE-42F5-B208-E8630F53E1B6} = {AEB46F27-701C-402F-9C40-D4CC36AB0FD1}
		{E803F0CC-B243-4AD7-9F9F-0A9B348559D2} = {8E2D466B-E11F-4B23-ACD0-FB67209F3781}
		{52E63779-1417-427B-9CDB-12110A6BDD3F} = {729B6ECF-1FFE-49C6-B0C8-B3153905271B}
		{AB2C5706-4BAA-4DE4-AF33-0A291C25B265} = {729B6ECF-1FFE-49C6-B0C8-B3153905271B}
		{098928B7-F818-4E3D-B8E3-FEA7A01BA85A} = {2EA0779D-72E1-4205-9617-F173EDCD1633}
		{C093BB2B-52D1-463A-8F80-9C1AA9A65F29} = {098928B7-F818-4E3D-B8E3-FEA7A01BA85A}
		{48B4D9AC-2A51-4822-8C34-AE1CA78D333B} = {CC385D56-7B75-400C-813F-A5D66374D47C}
		{47A14FC5-6399-47E2-8E71-E1886D7EF5B2} = {32B5A642-AE30-42CE-AC43-A0123F0BAED6}
		{CB1F4D86-5414-46BB-AE2C-4EBDC1F2E246} = {32B5A642-AE30-42CE-AC43-A0123F0BAED6}
		{90C78974-C20F-454E-BDD0-30A452FECCE2} = {552597D9-91E4-4774-8FFD-93C39DA33F20}
		{922485BF-685E-4094-80B6-B75B882F2F73} = {583AA4FB-3793-440D-94E1-DE41B96A48C6}
		{29A59D99-B8DB-4B1D-8253-2839DB3CFA19} = {0F78F6F7-DB06-4999-B026-2288E535210D}
		{ED5931D6-9FC4-4162-A59C-F321E11CCC21} = {0F78F6F7-DB06-4999-B026-2288E535210D}
		{D0490C52-40AB-4A75-9791-38D0A30FBB70} = {2EA0779D-72E1-4205-9617-F173EDCD1633}
		{6A954A86-7976-4B97-BA28-22B6F9ECF09F} = {D0490C52-40AB-4A75-9791-38D0A30FBB70}
		{7583078F-9646-4FC5-AAB4-322C7C9079A9} = {AEB46F27-701C-402F-9C40-D4CC36AB0FD1}
		{B344B257-5462-4278-90A0-8663B81F6A0B} = {2EA0779D-72E1-4205-9617-F173EDCD1633}
		{D15D6197-838B-4240-879A-944430115420} = {B344B257-5462-4278-90A0-8663B81F6A0B}
		{EFEEB293-F4E1-476D-84F3-64F09FE02D7A} = {D15D6197-838B-4240-879A-944430115420}
		{FCCACB38-5DDE-4036-86C1-8B055C242D13} = {B344B257-5462-4278-90A0-8663B81F6A0B}
		{03DA4FE2-47A8-4078-B70F-47D75E2A5D44} = {FCCACB38-5DDE-4036-86C1-8B055C242D13}
		{43654757-3DAD-4EFE-B0D3-5931838439AB} = {0F78F6F7-DB06-4999-B026-2288E535210D}
		{0EF481C9-6A7E-4486-A774-CA7B22A5B26E} = {0F78F6F7-DB06-4999-B026-2288E535210D}
		{D826A2FA-991B-481D-9B86-88551DD2D0EA} = {32B5A642-AE30-42CE-AC43-A0123F0BAED6}
		{DF269920-8768-4251-942B-DCD73DB574B2} = {EEE70D4D-A56F-4957-8018-6404427EABD1}
		{E87AEA29-B1A7-473B-8F16-22A3F208584B} = {2EA0779D-72E1-4205-9617-F173EDCD1633}
		{E905BB86-6178-4DAF-B3FB-A3D0451E625B} = {CC385D56-7B75-400C-813F-A5D66374D47C}
		{8B9CAFF9-3486-4131-80F1-E387936C438F} = {8E2D466B-E11F-4B23-ACD0-FB67209F3781}
		{E6EA89C5-A077-4645-99A6-0608802F5B1F} = {729B6ECF-1FFE-49C6-B0C8-B3153905271B}
		{3D7D31D0-80E6-4B72-B7FC-2AFEDC8CE399} = {1CEF8D36-31EE-409A-B2E1-FC5E1ECBB866}
		{731928E7-40F3-4371-B688-DFCC6387C7E4} = {3D7D31D0-80E6-4B72-B7FC-2AFEDC8CE399}
		{4F4D2D8E-D2C4-439E-9881-6301B859D6B3} = {8E2D466B-E11F-4B23-ACD0-FB67209F3781}
	EndGlobalSection
	GlobalSection(ExtensibilityGlobals) = postSolution
		SolutionGuid = {3DB0AB6E-BC74-40B8-B5FA-0545BA40F22B}
	EndGlobalSection
EndGlobal
