
Microsoft Visual Studio Solution File, Format Version 12.00
# Visual Studio 15
VisualStudioVersion = 15.0.28010.2041
MinimumVisualStudioVersion = 10.0.40219.1
Project("{2150E333-8FDC-42A3-9474-1A3956D46DE8}") = "Step 1 Console examples", "Step 1 Console examples", "{583AA4FB-3793-440D-94E1-DE41B96A48C6}"
EndProject
Project("{778DAE3C-4631-46EA-AA77-85C1314464D9}") = "1 Hello World", "1 Hello World\1 Hello World.vbproj", "{27001E5D-82E7-4F67-8255-06CAEDCA21C0}"
EndProject
Project("{778DAE3C-4631-46EA-AA77-85C1314464D9}") = "2 Hello World with input", "2 Hello World with input\2 Hello World with input.vbproj", "{0A5E3312-3292-4BC1-9C5F-7B7EFA8C6343}"
EndProject
Project("{2150E333-8FDC-42A3-9474-1A3956D46DE8}") = "Class projects", "Class projects", "{17EC3836-3B69-4D6E-A376-FBA807BC9A61}"
EndProject
Project("{778DAE3C-4631-46EA-AA77-85C1314464D9}") = "ConsoleHelperLibrary", "ConsoleHelperLibrary\ConsoleHelperLibrary.vbproj", "{4ECDD411-0AA4-4832-8C72-6FDA15CEA924}"
EndProject
Project("{778DAE3C-4631-46EA-AA77-85C1314464D9}") = "CollectInputToList", "CollectInputToList\CollectInputToList.vbproj", "{7499D38E-7E6D-445D-ACA9-05608786E0B5}"
EndProject
Project("{778DAE3C-4631-46EA-AA77-85C1314464D9}") = "CollectNumericInput", "CollectNumericInput\CollectNumericInput.vbproj", "{0161D289-1CA0-4F48-8A7D-D18A240B40A7}"
EndProject
Project("{778DAE3C-4631-46EA-AA77-85C1314464D9}") = "CollectDateTimeInput", "CollectDateTimeInput\CollectDateTimeInput.vbproj", "{671D1000-C5B6-490B-BC7D-515B4784A81A}"
EndProject
Project("{2150E333-8FDC-42A3-9474-1A3956D46DE8}") = "Step 2 Windows forms examples", "Step 2 Windows forms examples", "{2EA0779D-72E1-4205-9617-F173EDCD1633}"
EndProject
Project("{2150E333-8FDC-42A3-9474-1A3956D46DE8}") = "Class projects", "Class projects", "{FFFD14AB-2530-4B34-AAB5-AB2EAA8D9AF5}"
EndProject
Project("{2150E333-8FDC-42A3-9474-1A3956D46DE8}") = "Solution Items", "Solution Items", "{4D818182-91E2-4F5F-9E94-D06F9C4EA1B0}"
	ProjectSection(SolutionItems) = preProject
		readme.md = readme.md
	EndProjectSection
EndProject
Project("{F184B08F-C81C-45F6-A57F-5ABD9991F28F}") = "HelloWorldWinForms1", "HelloWorldWinForms1\HelloWorldWinForms1.vbproj", "{3BD80E1C-C375-451E-BFE4-D2F3DF45F7D4}"
EndProject
Project("{F184B08F-C81C-45F6-A57F-5ABD9991F28F}") = "ReadDelimitedFile1", "ReadDelimitedFile1\ReadDelimitedFile1.vbproj", "{E2237785-FE25-40CC-8620-EA871ACBBEFB}"
EndProject
Project("{F184B08F-C81C-45F6-A57F-5ABD9991F28F}") = "ComponentLibrary", "ComponentLibrary\ComponentLibrary.vbproj", "{B96774C4-FE32-4E16-8B17-9E43509CB34C}"
EndProject
Project("{F184B08F-C81C-45F6-A57F-5ABD9991F28F}") = "WinFormExtensions", "WinFormExtensions\WinFormExtensions.vbproj", "{6F670FA4-5D5D-4136-B926-146C7EC7840B}"
EndProject
Project("{F184B08F-C81C-45F6-A57F-5ABD9991F28F}") = "AsyncTaskProgress1", "AsyncIProgress\AsyncTaskProgress1.vbproj", "{4EAAD1E4-D25C-46D4-AAB7-14646D346BED}"
EndProject
Project("{778DAE3C-4631-46EA-AA77-85C1314464D9}") = "GroupByVehicle", "GroupByVehicle\GroupByVehicle.vbproj", "{F155596E-974A-4E8F-A2D8-B7DA404571B5}"
EndProject
Project("{778DAE3C-4631-46EA-AA77-85C1314464D9}") = "IEqualityComparerExample", "IEqualityComparerExample\IEqualityComparerExample.vbproj", "{21D61684-BFEB-42AC-9C3D-C7149D8414E2}"
EndProject
Project("{778DAE3C-4631-46EA-AA77-85C1314464D9}") = "LanguageExensionMethods", "LanguageExensionMethods\LanguageExensionMethods.vbproj", "{E39C7EAF-DE76-406F-BC97-669FCB8D4BE4}"
EndProject
Project("{778DAE3C-4631-46EA-AA77-85C1314464D9}") = "TypeConversions", "TypeConversions\TypeConversions.vbproj", "{AAACC442-F6EB-4A74-887F-E3ED4FF90C62}"
EndProject
Project("{F184B08F-C81C-45F6-A57F-5ABD9991F28F}") = "FormValidationSimple", "FormValidationSimple\FormValidationSimple.vbproj", "{387BCED8-2A5D-4F36-827E-55E5E587B970}"
EndProject
Project("{F184B08F-C81C-45F6-A57F-5ABD9991F28F}") = "FormValidationDataAnnotation", "FormValidationDataAnnotation\FormValidationDataAnnotation.vbproj", "{E7B77591-4BBD-423A-9651-86CBEF849263}"
EndProject
Project("{778DAE3C-4631-46EA-AA77-85C1314464D9}") = "3 Hello World working with strings", "3 Hello World working with strings\3 Hello World working with strings.vbproj", "{D58C625F-BAFF-495B-BF16-304E50044B7C}"
EndProject
Project("{778DAE3C-4631-46EA-AA77-85C1314464D9}") = "4 Hello World working with dates", "4 Hello World working with dates\4 Hello World working with dates.vbproj", "{E93ED7FD-4064-46C9-8AB6-FB882961E394}"
EndProject
Project("{2150E333-8FDC-42A3-9474-1A3956D46DE8}") = "Class projects", "Class projects", "{CC385D56-7B75-400C-813F-A5D66374D47C}"
EndProject
Project("{F184B08F-C81C-45F6-A57F-5ABD9991F28F}") = "ExceptionLibrary", "ExceptionLibrary\ExceptionLibrary.vbproj", "{7E2F19C5-6257-42C7-BE48-A69A9E4A82AE}"
EndProject
Project("{F184B08F-C81C-45F6-A57F-5ABD9991F28F}") = "RunTimeExceptions", "RunTimeExceptions\RunTimeExceptions.vbproj", "{46DF5D00-236A-4EBB-B3A7-EE98BA6A6D1D}"
EndProject
Project("{F184B08F-C81C-45F6-A57F-5ABD9991F28F}") = "MyApplicationNamespace", "MyApplicationNamespace\MyApplicationNamespace.vbproj", "{72776F6C-C31D-464B-AEA1-BD5895655115}"
EndProject
Project("{2150E333-8FDC-42A3-9474-1A3956D46DE8}") = "LINQ and Lambda examples", "LINQ and Lambda examples", "{0DC67C26-FC0B-42A4-843B-29FB4D2BF11A}"
EndProject
Project("{F184B08F-C81C-45F6-A57F-5ABD9991F28F}") = "1 Standard LINQ", "1 Standard LINQ\1 Standard LINQ.vbproj", "{1871352C-D433-466B-BB0E-D64B888F14CF}"
EndProject
Global
	GlobalSection(SolutionConfigurationPlatforms) = preSolution
		Debug|Any CPU = Debug|Any CPU
		Release|Any CPU = Release|Any CPU
	EndGlobalSection
	GlobalSection(ProjectConfigurationPlatforms) = postSolution
		{27001E5D-82E7-4F67-8255-06CAEDCA21C0}.Debug|Any CPU.ActiveCfg = Debug|Any CPU
		{27001E5D-82E7-4F67-8255-06CAEDCA21C0}.Debug|Any CPU.Build.0 = Debug|Any CPU
		{27001E5D-82E7-4F67-8255-06CAEDCA21C0}.Release|Any CPU.ActiveCfg = Release|Any CPU
		{27001E5D-82E7-4F67-8255-06CAEDCA21C0}.Release|Any CPU.Build.0 = Release|Any CPU
		{0A5E3312-3292-4BC1-9C5F-7B7EFA8C6343}.Debug|Any CPU.ActiveCfg = Debug|Any CPU
		{0A5E3312-3292-4BC1-9C5F-7B7EFA8C6343}.Debug|Any CPU.Build.0 = Debug|Any CPU
		{0A5E3312-3292-4BC1-9C5F-7B7EFA8C6343}.Release|Any CPU.ActiveCfg = Release|Any CPU
		{0A5E3312-3292-4BC1-9C5F-7B7EFA8C6343}.Release|Any CPU.Build.0 = Release|Any CPU
		{4ECDD411-0AA4-4832-8C72-6FDA15CEA924}.Debug|Any CPU.ActiveCfg = Debug|Any CPU
		{4ECDD411-0AA4-4832-8C72-6FDA15CEA924}.Debug|Any CPU.Build.0 = Debug|Any CPU
		{4ECDD411-0AA4-4832-8C72-6FDA15CEA924}.Release|Any CPU.ActiveCfg = Release|Any CPU
		{4ECDD411-0AA4-4832-8C72-6FDA15CEA924}.Release|Any CPU.Build.0 = Release|Any CPU
		{7499D38E-7E6D-445D-ACA9-05608786E0B5}.Debug|Any CPU.ActiveCfg = Debug|Any CPU
		{7499D38E-7E6D-445D-ACA9-05608786E0B5}.Debug|Any CPU.Build.0 = Debug|Any CPU
		{7499D38E-7E6D-445D-ACA9-05608786E0B5}.Release|Any CPU.ActiveCfg = Release|Any CPU
		{7499D38E-7E6D-445D-ACA9-05608786E0B5}.Release|Any CPU.Build.0 = Release|Any CPU
		{0161D289-1CA0-4F48-8A7D-D18A240B40A7}.Debug|Any CPU.ActiveCfg = Debug|Any CPU
		{0161D289-1CA0-4F48-8A7D-D18A240B40A7}.Debug|Any CPU.Build.0 = Debug|Any CPU
		{0161D289-1CA0-4F48-8A7D-D18A240B40A7}.Release|Any CPU.ActiveCfg = Release|Any CPU
		{0161D289-1CA0-4F48-8A7D-D18A240B40A7}.Release|Any CPU.Build.0 = Release|Any CPU
		{671D1000-C5B6-490B-BC7D-515B4784A81A}.Debug|Any CPU.ActiveCfg = Debug|Any CPU
		{671D1000-C5B6-490B-BC7D-515B4784A81A}.Debug|Any CPU.Build.0 = Debug|Any CPU
		{671D1000-C5B6-490B-BC7D-515B4784A81A}.Release|Any CPU.ActiveCfg = Release|Any CPU
		{671D1000-C5B6-490B-BC7D-515B4784A81A}.Release|Any CPU.Build.0 = Release|Any CPU
		{3BD80E1C-C375-451E-BFE4-D2F3DF45F7D4}.Debug|Any CPU.ActiveCfg = Debug|Any CPU
		{3BD80E1C-C375-451E-BFE4-D2F3DF45F7D4}.Debug|Any CPU.Build.0 = Debug|Any CPU
		{3BD80E1C-C375-451E-BFE4-D2F3DF45F7D4}.Release|Any CPU.ActiveCfg = Release|Any CPU
		{3BD80E1C-C375-451E-BFE4-D2F3DF45F7D4}.Release|Any CPU.Build.0 = Release|Any CPU
		{E2237785-FE25-40CC-8620-EA871ACBBEFB}.Debug|Any CPU.ActiveCfg = Debug|Any CPU
		{E2237785-FE25-40CC-8620-EA871ACBBEFB}.Debug|Any CPU.Build.0 = Debug|Any CPU
		{E2237785-FE25-40CC-8620-EA871ACBBEFB}.Release|Any CPU.ActiveCfg = Release|Any CPU
		{E2237785-FE25-40CC-8620-EA871ACBBEFB}.Release|Any CPU.Build.0 = Release|Any CPU
		{B96774C4-FE32-4E16-8B17-9E43509CB34C}.Debug|Any CPU.ActiveCfg = Debug|Any CPU
		{B96774C4-FE32-4E16-8B17-9E43509CB34C}.Debug|Any CPU.Build.0 = Debug|Any CPU
		{B96774C4-FE32-4E16-8B17-9E43509CB34C}.Release|Any CPU.ActiveCfg = Release|Any CPU
		{B96774C4-FE32-4E16-8B17-9E43509CB34C}.Release|Any CPU.Build.0 = Release|Any CPU
		{6F670FA4-5D5D-4136-B926-146C7EC7840B}.Debug|Any CPU.ActiveCfg = Debug|Any CPU
		{6F670FA4-5D5D-4136-B926-146C7EC7840B}.Debug|Any CPU.Build.0 = Debug|Any CPU
		{6F670FA4-5D5D-4136-B926-146C7EC7840B}.Release|Any CPU.ActiveCfg = Release|Any CPU
		{6F670FA4-5D5D-4136-B926-146C7EC7840B}.Release|Any CPU.Build.0 = Release|Any CPU
		{4EAAD1E4-D25C-46D4-AAB7-14646D346BED}.Debug|Any CPU.ActiveCfg = Debug|Any CPU
		{4EAAD1E4-D25C-46D4-AAB7-14646D346BED}.Debug|Any CPU.Build.0 = Debug|Any CPU
		{4EAAD1E4-D25C-46D4-AAB7-14646D346BED}.Release|Any CPU.ActiveCfg = Release|Any CPU
		{4EAAD1E4-D25C-46D4-AAB7-14646D346BED}.Release|Any CPU.Build.0 = Release|Any CPU
		{F155596E-974A-4E8F-A2D8-B7DA404571B5}.Debug|Any CPU.ActiveCfg = Debug|Any CPU
		{F155596E-974A-4E8F-A2D8-B7DA404571B5}.Debug|Any CPU.Build.0 = Debug|Any CPU
		{F155596E-974A-4E8F-A2D8-B7DA404571B5}.Release|Any CPU.ActiveCfg = Release|Any CPU
		{F155596E-974A-4E8F-A2D8-B7DA404571B5}.Release|Any CPU.Build.0 = Release|Any CPU
		{21D61684-BFEB-42AC-9C3D-C7149D8414E2}.Debug|Any CPU.ActiveCfg = Debug|Any CPU
		{21D61684-BFEB-42AC-9C3D-C7149D8414E2}.Debug|Any CPU.Build.0 = Debug|Any CPU
		{21D61684-BFEB-42AC-9C3D-C7149D8414E2}.Release|Any CPU.ActiveCfg = Release|Any CPU
		{21D61684-BFEB-42AC-9C3D-C7149D8414E2}.Release|Any CPU.Build.0 = Release|Any CPU
		{E39C7EAF-DE76-406F-BC97-669FCB8D4BE4}.Debug|Any CPU.ActiveCfg = Debug|Any CPU
		{E39C7EAF-DE76-406F-BC97-669FCB8D4BE4}.Debug|Any CPU.Build.0 = Debug|Any CPU
		{E39C7EAF-DE76-406F-BC97-669FCB8D4BE4}.Release|Any CPU.ActiveCfg = Release|Any CPU
		{E39C7EAF-DE76-406F-BC97-669FCB8D4BE4}.Release|Any CPU.Build.0 = Release|Any CPU
		{AAACC442-F6EB-4A74-887F-E3ED4FF90C62}.Debug|Any CPU.ActiveCfg = Debug|Any CPU
		{AAACC442-F6EB-4A74-887F-E3ED4FF90C62}.Debug|Any CPU.Build.0 = Debug|Any CPU
		{AAACC442-F6EB-4A74-887F-E3ED4FF90C62}.Release|Any CPU.ActiveCfg = Release|Any CPU
		{AAACC442-F6EB-4A74-887F-E3ED4FF90C62}.Release|Any CPU.Build.0 = Release|Any CPU
		{387BCED8-2A5D-4F36-827E-55E5E587B970}.Debug|Any CPU.ActiveCfg = Debug|Any CPU
		{387BCED8-2A5D-4F36-827E-55E5E587B970}.Debug|Any CPU.Build.0 = Debug|Any CPU
		{387BCED8-2A5D-4F36-827E-55E5E587B970}.Release|Any CPU.ActiveCfg = Release|Any CPU
		{387BCED8-2A5D-4F36-827E-55E5E587B970}.Release|Any CPU.Build.0 = Release|Any CPU
		{E7B77591-4BBD-423A-9651-86CBEF849263}.Debug|Any CPU.ActiveCfg = Debug|Any CPU
		{E7B77591-4BBD-423A-9651-86CBEF849263}.Debug|Any CPU.Build.0 = Debug|Any CPU
		{E7B77591-4BBD-423A-9651-86CBEF849263}.Release|Any CPU.ActiveCfg = Release|Any CPU
		{E7B77591-4BBD-423A-9651-86CBEF849263}.Release|Any CPU.Build.0 = Release|Any CPU
		{D58C625F-BAFF-495B-BF16-304E50044B7C}.Debug|Any CPU.ActiveCfg = Debug|Any CPU
		{D58C625F-BAFF-495B-BF16-304E50044B7C}.Debug|Any CPU.Build.0 = Debug|Any CPU
		{D58C625F-BAFF-495B-BF16-304E50044B7C}.Release|Any CPU.ActiveCfg = Release|Any CPU
		{D58C625F-BAFF-495B-BF16-304E50044B7C}.Release|Any CPU.Build.0 = Release|Any CPU
		{E93ED7FD-4064-46C9-8AB6-FB882961E394}.Debug|Any CPU.ActiveCfg = Debug|Any CPU
		{E93ED7FD-4064-46C9-8AB6-FB882961E394}.Debug|Any CPU.Build.0 = Debug|Any CPU
		{E93ED7FD-4064-46C9-8AB6-FB882961E394}.Release|Any CPU.ActiveCfg = Release|Any CPU
		{E93ED7FD-4064-46C9-8AB6-FB882961E394}.Release|Any CPU.Build.0 = Release|Any CPU
		{7E2F19C5-6257-42C7-BE48-A69A9E4A82AE}.Debug|Any CPU.ActiveCfg = Debug|Any CPU
		{7E2F19C5-6257-42C7-BE48-A69A9E4A82AE}.Debug|Any CPU.Build.0 = Debug|Any CPU
		{7E2F19C5-6257-42C7-BE48-A69A9E4A82AE}.Release|Any CPU.ActiveCfg = Release|Any CPU
		{7E2F19C5-6257-42C7-BE48-A69A9E4A82AE}.Release|Any CPU.Build.0 = Release|Any CPU
		{46DF5D00-236A-4EBB-B3A7-EE98BA6A6D1D}.Debug|Any CPU.ActiveCfg = Debug|Any CPU
		{46DF5D00-236A-4EBB-B3A7-EE98BA6A6D1D}.Debug|Any CPU.Build.0 = Debug|Any CPU
		{46DF5D00-236A-4EBB-B3A7-EE98BA6A6D1D}.Release|Any CPU.ActiveCfg = Release|Any CPU
		{46DF5D00-236A-4EBB-B3A7-EE98BA6A6D1D}.Release|Any CPU.Build.0 = Release|Any CPU
		{72776F6C-C31D-464B-AEA1-BD5895655115}.Debug|Any CPU.ActiveCfg = Debug|Any CPU
		{72776F6C-C31D-464B-AEA1-BD5895655115}.Debug|Any CPU.Build.0 = Debug|Any CPU
		{72776F6C-C31D-464B-AEA1-BD5895655115}.Release|Any CPU.ActiveCfg = Release|Any CPU
		{72776F6C-C31D-464B-AEA1-BD5895655115}.Release|Any CPU.Build.0 = Release|Any CPU
		{1871352C-D433-466B-BB0E-D64B888F14CF}.Debug|Any CPU.ActiveCfg = Debug|Any CPU
		{1871352C-D433-466B-BB0E-D64B888F14CF}.Debug|Any CPU.Build.0 = Debug|Any CPU
		{1871352C-D433-466B-BB0E-D64B888F14CF}.Release|Any CPU.ActiveCfg = Release|Any CPU
		{1871352C-D433-466B-BB0E-D64B888F14CF}.Release|Any CPU.Build.0 = Release|Any CPU
	EndGlobalSection
	GlobalSection(SolutionProperties) = preSolution
		HideSolutionNode = FALSE
	EndGlobalSection
	GlobalSection(NestedProjects) = preSolution
		{27001E5D-82E7-4F67-8255-06CAEDCA21C0} = {583AA4FB-3793-440D-94E1-DE41B96A48C6}
		{0A5E3312-3292-4BC1-9C5F-7B7EFA8C6343} = {583AA4FB-3793-440D-94E1-DE41B96A48C6}
		{17EC3836-3B69-4D6E-A376-FBA807BC9A61} = {583AA4FB-3793-440D-94E1-DE41B96A48C6}
		{4ECDD411-0AA4-4832-8C72-6FDA15CEA924} = {17EC3836-3B69-4D6E-A376-FBA807BC9A61}
		{7499D38E-7E6D-445D-ACA9-05608786E0B5} = {583AA4FB-3793-440D-94E1-DE41B96A48C6}
		{0161D289-1CA0-4F48-8A7D-D18A240B40A7} = {583AA4FB-3793-440D-94E1-DE41B96A48C6}
		{671D1000-C5B6-490B-BC7D-515B4784A81A} = {583AA4FB-3793-440D-94E1-DE41B96A48C6}
		{FFFD14AB-2530-4B34-AAB5-AB2EAA8D9AF5} = {2EA0779D-72E1-4205-9617-F173EDCD1633}
		{3BD80E1C-C375-451E-BFE4-D2F3DF45F7D4} = {2EA0779D-72E1-4205-9617-F173EDCD1633}
		{E2237785-FE25-40CC-8620-EA871ACBBEFB} = {2EA0779D-72E1-4205-9617-F173EDCD1633}
		{B96774C4-FE32-4E16-8B17-9E43509CB34C} = {FFFD14AB-2530-4B34-AAB5-AB2EAA8D9AF5}
		{6F670FA4-5D5D-4136-B926-146C7EC7840B} = {FFFD14AB-2530-4B34-AAB5-AB2EAA8D9AF5}
		{4EAAD1E4-D25C-46D4-AAB7-14646D346BED} = {2EA0779D-72E1-4205-9617-F173EDCD1633}
		{F155596E-974A-4E8F-A2D8-B7DA404571B5} = {583AA4FB-3793-440D-94E1-DE41B96A48C6}
		{21D61684-BFEB-42AC-9C3D-C7149D8414E2} = {583AA4FB-3793-440D-94E1-DE41B96A48C6}
		{E39C7EAF-DE76-406F-BC97-669FCB8D4BE4} = {583AA4FB-3793-440D-94E1-DE41B96A48C6}
		{AAACC442-F6EB-4A74-887F-E3ED4FF90C62} = {583AA4FB-3793-440D-94E1-DE41B96A48C6}
		{387BCED8-2A5D-4F36-827E-55E5E587B970} = {2EA0779D-72E1-4205-9617-F173EDCD1633}
		{E7B77591-4BBD-423A-9651-86CBEF849263} = {2EA0779D-72E1-4205-9617-F173EDCD1633}
		{D58C625F-BAFF-495B-BF16-304E50044B7C} = {583AA4FB-3793-440D-94E1-DE41B96A48C6}
		{E93ED7FD-4064-46C9-8AB6-FB882961E394} = {583AA4FB-3793-440D-94E1-DE41B96A48C6}
		{7E2F19C5-6257-42C7-BE48-A69A9E4A82AE} = {17EC3836-3B69-4D6E-A376-FBA807BC9A61}
		{46DF5D00-236A-4EBB-B3A7-EE98BA6A6D1D} = {583AA4FB-3793-440D-94E1-DE41B96A48C6}
		{72776F6C-C31D-464B-AEA1-BD5895655115} = {2EA0779D-72E1-4205-9617-F173EDCD1633}
		{0DC67C26-FC0B-42A4-843B-29FB4D2BF11A} = {583AA4FB-3793-440D-94E1-DE41B96A48C6}
		{1871352C-D433-466B-BB0E-D64B888F14CF} = {0DC67C26-FC0B-42A4-843B-29FB4D2BF11A}
	EndGlobalSection
	GlobalSection(ExtensibilityGlobals) = postSolution
		SolutionGuid = {3DB0AB6E-BC74-40B8-B5FA-0545BA40F22B}
	EndGlobalSection
EndGlobal
